{
  "name": "vinnexx-code",
  "version": "0.3.0",
  "lockfileVersion": 3,
  "requires": true,
  "packages": {
    "": {
      "name": "vinnexx-code",
      "version": "0.3.0",
      "bin": {
        "vinnexx": "apps/client/dist/vinnexx.mjs"
      },
      "engines": {
        "node": ">=20.11.0",
        "npm": ">=10.0.0"
      }
    }
  }
}
